// !$*UTF8*$!
{
	archiveVersion = 1;
	classes = {
	};
	objectVersion = 50;
	objects = {

/* Begin PBXBuildFile section */
		A3F1C10625CF21D300250147 /* AppDelegate.swift in Sources */ = {isa = PBXBuildFile; fileRef = A3F1C10525CF21D300250147 /* AppDelegate.swift */; };
		A3F1C10825CF21D300250147 /* SceneDelegate.swift in Sources */ = {isa = PBXBuildFile; fileRef = A3F1C10725CF21D300250147 /* SceneDelegate.swift */; };
		A3F1C10A25CF21D300250147 /* ViewController.swift in Sources */ = {isa = PBXBuildFile; fileRef = A3F1C10925CF21D300250147 /* ViewController.swift */; };
		A3F1C10D25CF21D300250147 /* Main.storyboard in Resources */ = {isa = PBXBuildFile; fileRef = A3F1C10B25CF21D300250147 /* Main.storyboard */; };
		A3F1C10F25CF21D400250147 /* Assets.xcassets in Resources */ = {isa = PBXBuildFile; fileRef = A3F1C10E25CF21D400250147 /* Assets.xcassets */; };
		A3F1C11225CF21D400250147 /* LaunchScreen.storyboard in Resources */ = {isa = PBXBuildFile; fileRef = A3F1C11025CF21D400250147 /* LaunchScreen.storyboard */; };
		A3F1C11B25CF2BC100250147 /* Meme.swift in Sources */ = {isa = PBXBuildFile; fileRef = A3F1C11A25CF2BC100250147 /* Meme.swift */; };
/* End PBXBuildFile section */

/* Begin PBXFileReference section */
		A3F1C10225CF21D300250147 /* Meme-Me.app */ = {isa = PBXFileReference; explicitFileType = wrapper.application; includeInIndex = 0; path = "Meme-Me.app"; sourceTree = BUILT_PRODUCTS_DIR; };
		A3F1C10525CF21D300250147 /* AppDelegate.swift */ = {isa = PBXFileReference; lastKnownFileType = sourcecode.swift; path = AppDelegate.swift; sourceTree = "<group>"; };
		A3F1C10725CF21D300250147 /* SceneDelegate.swift */ = {isa = PBXFileReference; lastKnownFileType = sourcecode.swift; path = SceneDelegate.swift; sourceTree = "<group>"; };
		A3F1C10925CF21D300250147 /* ViewController.swift */ = {isa = PBXFileReference; lastKnownFileType = sourcecode.swift; path = ViewController.swift; sourceTree = "<group>"; };
		A3F1C10C25CF21D300250147 /* Base */ = {isa = PBXFileReference; lastKnownFileType = file.storyboard; name = Base; path = Base.lproj/Main.storyboard; sourceTree = "<group>"; };
		A3F1C10E25CF21D400250147 /* Assets.xcassets */ = {isa = PBXFileReference; lastKnownFileType = folder.assetcatalog; path = Assets.xcassets; sourceTree = "<group>"; };
		A3F1C11125CF21D400250147 /* Base */ = {isa = PBXFileReference; lastKnownFileType = file.storyboard; name = Base; path = Base.lproj/LaunchScreen.storyboard; sourceTree = "<group>"; };
		A3F1C11325CF21D400250147 /* Info.plist */ = {isa = PBXFileReference; lastKnownFileType = text.plist.xml; path = Info.plist; sourceTree = "<group>"; };
		A3F1C11A25CF2BC100250147 /* Meme.swift */ = {isa = PBXFileReference; lastKnownFileType = sourcecode.swift; path = Meme.swift; sourceTree = "<group>"; };
/* End PBXFileReference section */

/* Begin PBXFrameworksBuildPhase section */
		A3F1C0FF25CF21D300250147 /* Frameworks */ = {
			isa = PBXFrameworksBuildPhase;
			buildActionMask = 2147483647;
			files = (
			);
			runOnlyForDeploymentPostprocessing = 0;
		};
/* End PBXFrameworksBuildPhase section */

/* Begin PBXGroup section */
		A3F1C0F925CF21D300250147 = {
			isa = PBXGroup;
			children = (
				A3F1C10425CF21D300250147 /* Meme-Me */,
				A3F1C10325CF21D300250147 /* Products */,
			);
			sourceTree = "<group>";
		};
		A3F1C10325CF21D300250147 /* Products */ = {
			isa = PBXGroup;
			children = (
				A3F1C10225CF21D300250147 /* Meme-Me.app */,
			);
			name = Products;
			sourceTree = "<group>";
		};
		A3F1C10425CF21D300250147 /* Meme-Me */ = {
			isa = PBXGroup;
			children = (
				A3F1C10525CF21D300250147 /* AppDelegate.swift */,
				A3F1C10725CF21D300250147 /* SceneDelegate.swift */,
				A3F1C10925CF21D300250147 /* ViewController.swift */,
				A3F1C10B25CF21D300250147 /* Main.storyboard */,
				A3F1C10E25CF21D400250147 /* Assets.xcassets */,
				A3F1C11025CF21D400250147 /* LaunchScreen.storyboard */,
				A3F1C11325CF21D400250147 /* Info.plist */,
				A3F1C11A25CF2BC100250147 /* Meme.swift */,
			);
			path = "Meme-Me";
			sourceTree = "<group>";
		};
/* End PBXGroup section */

/* Begin PBXNativeTarget section */
		A3F1C10125CF21D300250147 /* Meme-Me */ = {
			isa = PBXNativeTarget;
			buildConfigurationList = A3F1C11625CF21D400250147 /* Build configuration list for PBXNativeTarget "Meme-Me" */;
			buildPhases = (
				A3F1C0FE25CF21D300250147 /* Sources */,
				A3F1C0FF25CF21D300250147 /* Frameworks */,
				A3F1C10025CF21D300250147 /* Resources */,
			);
			buildRules = (
			);
			dependencies = (
			);
			name = "Meme-Me";
			productName = "Meme-Me";
			productReference = A3F1C10225CF21D300250147 /* Meme-Me.app */;
			productType = "com.apple.product-type.application";
		};
/* End PBXNativeTarget section */

/* Begin PBXProject section */
		A3F1C0FA25CF21D300250147 /* Project object */ = {
			isa = PBXProject;
			attributes = {
				LastSwiftUpdateCheck = 1240;
				LastUpgradeCheck = 1240;
				TargetAttributes = {
					A3F1C10125CF21D300250147 = {
						CreatedOnToolsVersion = 12.4;
					};
				};
			};
			buildConfigurationList = A3F1C0FD25CF21D300250147 /* Build configuration list for PBXProject "Meme-Me" */;
			compatibilityVersion = "Xcode 9.3";
			developmentRegion = en;
			hasScannedForEncodings = 0;
			knownRegions = (
				en,
				Base,
			);
			mainGroup = A3F1C0F925CF21D300250147;
			productRefGroup = A3F1C10325CF21D300250147 /* Products */;
			projectDirPath = "";
			projectRoot = "";
			targets = (
				A3F1C10125CF21D300250147 /* Meme-Me */,
			);
		};
/* End PBXProject section */

/* Begin PBXResourcesBuildPhase section */
		A3F1C10025CF21D300250147 /* Resources */ = {
			isa = PBXResourcesBuildPhase;
			buildActionMask = 2147483647;
			files = (
				A3F1C11225CF21D400250147 /* LaunchScreen.storyboard in Resources */,
				A3F1C10F25CF21D400250147 /* Assets.xcassets in Resources */,
				A3F1C10D25CF21D300250147 /* Main.storyboard in Resources */,
			);
			runOnlyForDeploymentPostprocessing = 0;
		};
/* End PBXResourcesBuildPhase section */

/* Begin PBXSourcesBuildPhase section */
		A3F1C0FE25CF21D300250147 /* Sources */ = {
			isa = PBXSourcesBuildPhase;
			buildActionMask = 2147483647;
			files = (
				A3F1C10A25CF21D300250147 /* ViewController.swift in Sources */,
				A3F1C11B25CF2BC100250147 /* Meme.swift in Sources */,
				A3F1C10625CF21D300250147 /* AppDelegate.swift in Sources */,
				A3F1C10825CF21D300250147 /* SceneDelegate.swift in Sources */,
			);
			runOnlyForDeploymentPostprocessing = 0;
		};
/* End PBXSourcesBuildPhase section */

/* Begin PBXVariantGroup section */
		A3F1C10B25CF21D300250147 /* Main.storyboard */ = {
			isa = PBXVariantGroup;
			children = (
				A3F1C10C25CF21D300250147 /* Base */,
			);
			name = Main.storyboard;
			sourceTree = "<group>";
		};
		A3F1C11025CF21D400250147 /* LaunchScreen.storyboard */ = {
			isa = PBXVariantGroup;
			children = (
				A3F1C11125CF21D400250147 /* Base */,
			);
			name = LaunchScreen.storyboard;
			sourceTree = "<group>";
		};
/* End PBXVariantGroup section */

/* Begin XCBuildConfiguration section */
		A3F1C11425CF21D400250147 /* Debug */ = {
			isa = XCBuildConfiguration;
			buildSettings = {
				ALWAYS_SEARCH_USER_PATHS = NO;
				CLANG_ANALYZER_NONNULL = YES;
				CLANG_ANALYZER_NUMBER_OBJECT_CONVERSION = YES_AGGRESSIVE;
				CLANG_CXX_LANGUAGE_STANDARD = "gnu++14";
				CLANG_CXX_LIBRARY = "libc++";
				CLANG_ENABLE_MODULES = YES;
				CLANG_ENABLE_OBJC_ARC = YES;
				CLANG_ENABLE_OBJC_WEAK = YES;
				CLANG_WARN_BLOCK_CAPTURE_AUTORELEASING = YES;
				CLANG_WARN_BOOL_CONVERSION = YES;
				CLANG_WARN_COMMA = YES;
				CLANG_WARN_CONSTANT_CONVERSION = YES;
				CLANG_WARN_DEPRECATED_OBJC_IMPLEMENTATIONS = YES;
				CLANG_WARN_DIRECT_OBJC_ISA_USAGE = YES_ERROR;
				CLANG_WARN_DOCUMENTATION_COMMENTS = YES;
				CLANG_WARN_EMPTY_BODY = YES;
				CLANG_WARN_ENUM_CONVERSION = YES;
				CLANG_WARN_INFINITE_RECURSION = YES;
				CLANG_WARN_INT_CONVERSION = YES;
				CLANG_WARN_NON_LITERAL_NULL_CONVERSION = YES;
				CLANG_WARN_OBJC_IMPLICIT_RETAIN_SELF = YES;
				CLANG_WARN_OBJC_LITERAL_CONVERSION = YES;
				CLANG_WARN_OBJC_ROOT_CLASS = YES_ERROR;
				CLANG_WARN_QUOTED_INCLUDE_IN_FRAMEWORK_HEADER = YES;
				CLANG_WARN_RANGE_LOOP_ANALYSIS = YES;
				CLANG_WARN_STRICT_PROTOTYPES = YES;
				CLANG_WARN_SUSPICIOUS_MOVE = YES;
				CLANG_WARN_UNGUARDED_AVAILABILITY = YES_AGGRESSIVE;
				CLANG_WARN_UNREACHABLE_CODE = YES;
				CLANG_WARN__DUPLICATE_METHOD_MATCH = YES;
				COPY_PHASE_STRIP = NO;
				DEBUG_INFORMATION_FORMAT = dwarf;
				ENABLE_STRICT_OBJC_MSGSEND = YES;
				ENABLE_TESTABILITY = YES;
				GCC_C_LANGUAGE_STANDARD = gnu11;
				GCC_DYNAMIC_NO_PIC = NO;
				GCC_NO_COMMON_BLOCKS = YES;
				GCC_OPTIMIZATION_LEVEL = 0;
				GCC_PREPROCESSOR_DEFINITIONS = (
					"DEBUG=1",
					"$(inherited)",
				);
				GCC_WARN_64_TO_32_BIT_CONVERSION = YES;
				GCC_WARN_ABOUT_RETURN_TYPE = YES_ERROR;
				GCC_WARN_UNDECLARED_SELECTOR = YES;
				GCC_WARN_UNINITIALIZED_AUTOS = YES_AGGRESSIVE;
				GCC_WARN_UNUSED_FUNCTION = YES;
				GCC_WARN_UNUSED_VARIABLE = YES;
				IPHONEOS_DEPLOYMENT_TARGET = 14.4;
				MTL_ENABLE_DEBUG_INFO = INCLUDE_SOURCE;
				MTL_FAST_MATH = YES;
				ONLY_ACTIVE_ARCH = YES;
				SDKROOT = iphoneos;
				SWIFT_ACTIVE_COMPILATION_CONDITIONS = DEBUG;
				SWIFT_OPTIMIZATION_LEVEL = "-Onone";
			};
			name = Debug;
		};
		A3F1C11525CF21D400250147 /* Release */ = {
			isa = XCBuildConfiguration;
			buildSettings = {
				ALWAYS_SEARCH_USER_PATHS = NO;
				CLANG_ANALYZER_NONNULL = YES;
				CLANG_ANALYZER_NUMBER_OBJECT_CONVERSION = YES_AGGRESSIVE;
				CLANG_CXX_LANGUAGE_STANDARD = "gnu++14";
				CLANG_CXX_LIBRARY = "libc++";
				CLANG_ENABLE_MODULES = YES;
				CLANG_ENABLE_OBJC_ARC = YES;
				CLANG_ENABLE_OBJC_WEAK = YES;
				CLANG_WARN_BLOCK_CAPTURE_AUTORELEASING = YES;
				CLANG_WARN_BOOL_CONVERSION = YES;
				CLANG_WARN_COMMA = YES;
				CLANG_WARN_CONSTANT_CONVERSION = YES;
				CLANG_WARN_DEPRECATED_OBJC_IMPLEMENTATIONS = YES;
				CLANG_WARN_DIRECT_OBJC_ISA_USAGE = YES_ERROR;
				CLANG_WARN_DOCUMENTATION_COMMENTS = YES;
				CLANG_WARN_EMPTY_BODY = YES;
				CLANG_WARN_ENUM_CONVERSION = YES;
				CLANG_WARN_INFINITE_RECURSION = YES;
				CLANG_WARN_INT_CONVERSION = YES;
				CLANG_WARN_NON_LITERAL_NULL_CONVERSION = YES;
				CLANG_WARN_OBJC_IMPLICIT_RETAIN_SELF = YES;
				CLANG_WARN_OBJC_LITERAL_CONVERSION = YES;
				CLANG_WARN_OBJC_ROOT_CLASS = YES_ERROR;
				CLANG_WARN_QUOTED_INCLUDE_IN_FRAMEWORK_HEADER = YES;
				CLANG_WARN_RANGE_LOOP_ANALYSIS = YES;
				CLANG_WARN_STRICT_PROTOTYPES = YES;
				CLANG_WARN_SUSPICIOUS_MOVE = YES;
				CLANG_WARN_UNGUARDED_AVAILABILITY = YES_AGGRESSIVE;
				CLANG_WARN_UNREACHABLE_CODE = YES;
				CLANG_WARN__DUPLICATE_METHOD_MATCH = YES;
				COPY_PHASE_STRIP = NO;
				DEBUG_INFORMATION_FORMAT = "dwarf-with-dsym";
				ENABLE_NS_ASSERTIONS = NO;
				ENABLE_STRICT_OBJC_MSGSEND = YES;
				GCC_C_LANGUAGE_STANDARD = gnu11;
				GCC_NO_COMMON_BLOCKS = YES;
				GCC_WARN_64_TO_32_BIT_CONVERSION = YES;
				GCC_WARN_ABOUT_RETURN_TYPE = YES_ERROR;
				GCC_WARN_UNDECLARED_SELECTOR = YES;
				GCC_WARN_UNINITIALIZED_AUTOS = YES_AGGRESSIVE;
				GCC_WARN_UNUSED_FUNCTION = YES;
				GCC_WARN_UNUSED_VARIABLE = YES;
				IPHONEOS_DEPLOYMENT_TARGET = 14.4;
				MTL_ENABLE_DEBUG_INFO = NO;
				MTL_FAST_MATH = YES;
				SDKROOT = iphoneos;
				SWIFT_COMPILATION_MODE = wholemodule;
				SWIFT_OPTIMIZATION_LEVEL = "-O";
				VALIDATE_PRODUCT = YES;
			};
			name = Release;
		};
		A3F1C11725CF21D400250147 /* Debug */ = {
			isa = XCBuildConfiguration;
			buildSettings = {
				ASSETCATALOG_COMPILER_APPICON_NAME = AppIcon;
				ASSETCATALOG_COMPILER_GLOBAL_ACCENT_COLOR_NAME = AccentColor;
				CODE_SIGN_STYLE = Automatic;
				DEVELOPMENT_TEAM = TS5DZ3CB7T;
				INFOPLIST_FILE = "Meme-Me/Info.plist";
				LD_RUNPATH_SEARCH_PATHS = (
					"$(inherited)",
					"@executable_path/Frameworks",
				);
				PRODUCT_BUNDLE_IDENTIFIER = "com.udacity.Meme-Me";
				PRODUCT_NAME = "$(TARGET_NAME)";
				SWIFT_VERSION = 5.0;
				TARGETED_DEVICE_FAMILY = "1,2";
			};
			name = Debug;
		};
		A3F1C11825CF21D400250147 /* Release */ = {
			isa = XCBuildConfiguration;
			buildSettings = {
				ASSETCATALOG_COMPILER_APPICON_NAME = AppIcon;
				ASSETCATALOG_COMPILER_GLOBAL_ACCENT_COLOR_NAME = AccentColor;
				CODE_SIGN_STYLE = Automatic;
				DEVELOPMENT_TEAM = TS5DZ3CB7T;
				INFOPLIST_FILE = "Meme-Me/Info.plist";
				LD_RUNPATH_SEARCH_PATHS = (
					"$(inherited)",
					"@executable_path/Frameworks",
				);
				PRODUCT_BUNDLE_IDENTIFIER = "com.udacity.Meme-Me";
				PRODUCT_NAME = "$(TARGET_NAME)";
				SWIFT_VERSION = 5.0;
				TARGETED_DEVICE_FAMILY = "1,2";
			};
			name = Release;
		};
/* End XCBuildConfiguration section */

/* Begin XCConfigurationList section */
		A3F1C0FD25CF21D300250147 /* Build configuration list for PBXProject "Meme-Me" */ = {
			isa = XCConfigurationList;
			buildConfigurations = (
				A3F1C11425CF21D400250147 /* Debug */,
				A3F1C11525CF21D400250147 /* Release */,
			);
			defaultConfigurationIsVisible = 0;
			defaultConfigurationName = Release;
		};
		A3F1C11625CF21D400250147 /* Build configuration list for PBXNativeTarget "Meme-Me" */ = {
			isa = XCConfigurationList;
			buildConfigurations = (
				A3F1C11725CF21D400250147 /* Debug */,
				A3F1C11825CF21D400250147 /* Release */,
			);
			defaultConfigurationIsVisible = 0;
			defaultConfigurationName = Release;
		};
/* End XCConfigurationList section */
	};
	rootObject = A3F1C0FA25CF21D300250147 /* Project object */;
}
